// !$*UTF8*$!
{
	archiveVersion = 1;
	classes = {
	};
	objectVersion = 77;
	objects = {

/* Begin PBXContainerItemProxy section */
		F1B3E9882E4B623C00475D83 /* PBXContainerItemProxy */ = {
			isa = PBXContainerItemProxy;
			containerPortal = F1B3E9692E4B623A00475D83 /* Project object */;
			proxyType = 1;
			remoteGlobalIDString = F1B3E9702E4B623A00475D83;
			remoteInfo = TuneApp;
		};
		F1B3E9922E4B623C00475D83 /* PBXContainerItemProxy */ = {
			isa = PBXContainerItemProxy;
			containerPortal = F1B3E9692E4B623A00475D83 /* Project object */;
			proxyType = 1;
			remoteGlobalIDString = F1B3E9702E4B623A00475D83;
			remoteInfo = TuneApp;
		};
/* End PBXContainerItemProxy section */

/* Begin PBXFileReference section */
		F1B3E9712E4B623B00475D83 /* TuneApp.app */ = {isa = PBXFileReference; explicitFileType = wrapper.application; includeInIndex = 0; path = TuneApp.app; sourceTree = BUILT_PRODUCTS_DIR; };
		F1B3E9872E4B623C00475D83 /* TuneAppTests.xctest */ = {isa = PBXFileReference; explicitFileType = wrapper.cfbundle; includeInIndex = 0; path = TuneAppTests.xctest; sourceTree = BUILT_PRODUCTS_DIR; };
		F1B3E9912E4B623C00475D83 /* TuneAppUITests.xctest */ = {isa = PBXFileReference; explicitFileType = wrapper.cfbundle; includeInIndex = 0; path = TuneAppUITests.xctest; sourceTree = BUILT_PRODUCTS_DIR; };
/* End PBXFileReference section */

/* Begin PBXFileSystemSynchronizedBuildFileExceptionSet section */
		F1B3E9992E4B623C00475D83 /* Exceptions for "TuneApp" folder in "TuneApp" target */ = {
			isa = PBXFileSystemSynchronizedBuildFileExceptionSet;
			membershipExceptions = (
				Info.plist,
			);
			target = F1B3E9702E4B623A00475D83 /* TuneApp */;
		};
		F1E3CC5E2E59E3C90021A854 /* Exceptions for "TuneApp" folder in "TuneAppTests" target */ = {
			isa = PBXFileSystemSynchronizedBuildFileExceptionSet;
			membershipExceptions = (
				Resources/Standard/aString.wav,
				Resources/Standard/bString.wav,
				Resources/Standard/dString.wav,
				Resources/Standard/gString.wav,
				Resources/Standard/highEString.wav,
				Resources/Standard/LowEString.wav,
			);
			target = F1B3E9862E4B623C00475D83 /* TuneAppTests */;
		};
/* End PBXFileSystemSynchronizedBuildFileExceptionSet section */

/* Begin PBXFileSystemSynchronizedRootGroup section */
		F1B3E9732E4B623B00475D83 /* TuneApp */ = {
			isa = PBXFileSystemSynchronizedRootGroup;
			exceptions = (
				F1B3E9992E4B623C00475D83 /* Exceptions for "TuneApp" folder in "TuneApp" target */,
				F1E3CC5E2E59E3C90021A854 /* Exceptions for "TuneApp" folder in "TuneAppTests" target */,
			);
			path = TuneApp;
			sourceTree = "<group>";
		};
		F1B3E98A2E4B623C00475D83 /* TuneAppTests */ = {
			isa = PBXFileSystemSynchronizedRootGroup;
			path = TuneAppTests;
			sourceTree = "<group>";
		};
		F1B3E9942E4B623C00475D83 /* TuneAppUITests */ = {
			isa = PBXFileSystemSynchronizedRootGroup;
			path = TuneAppUITests;
			sourceTree = "<group>";
		};
/* End PBXFileSystemSynchronizedRootGroup section */

/* Begin PBXFrameworksBuildPhase section */
		F1B3E96E2E4B623A00475D83 /* Frameworks */ = {
			isa = PBXFrameworksBuildPhase;
			buildActionMask = 2147483647;
			files = (
			);
			runOnlyForDeploymentPostprocessing = 0;
		};
		F1B3E9842E4B623C00475D83 /* Frameworks */ = {
			isa = PBXFrameworksBuildPhase;
			buildActionMask = 2147483647;
			files = (
			);
			runOnlyForDeploymentPostprocessing = 0;
		};
		F1B3E98E2E4B623C00475D83 /* Frameworks */ = {
			isa = PBXFrameworksBuildPhase;
			buildActionMask = 2147483647;
			files = (
			);
			runOnlyForDeploymentPostprocessing = 0;
		};
/* End PBXFrameworksBuildPhase section */

/* Begin PBXGroup section */
		F1B3E9682E4B623A00475D83 = {
			isa = PBXGroup;
			children = (
				F1B3E9732E4B623B00475D83 /* TuneApp */,
				F1B3E98A2E4B623C00475D83 /* TuneAppTests */,
				F1B3E9942E4B623C00475D83 /* TuneAppUITests */,
				F1B3E9722E4B623B00475D83 /* Products */,
			);
			sourceTree = "<group>";
		};
		F1B3E9722E4B623B00475D83 /* Products */ = {
			isa = PBXGroup;
			children = (
				F1B3E9712E4B623B00475D83 /* TuneApp.app */,
				F1B3E9872E4B623C00475D83 /* TuneAppTests.xctest */,
				F1B3E9912E4B623C00475D83 /* TuneAppUITests.xctest */,
			);
			name = Products;
			sourceTree = "<group>";
		};
/* End PBXGroup section */

/* Begin PBXNativeTarget section */
		F1B3E9702E4B623A00475D83 /* TuneApp */ = {
			isa = PBXNativeTarget;
			buildConfigurationList = F1B3E99A2E4B623C00475D83 /* Build configuration list for PBXNativeTarget "TuneApp" */;
			buildPhases = (
				F1B3E96D2E4B623A00475D83 /* Sources */,
				F1B3E96E2E4B623A00475D83 /* Frameworks */,
				F1B3E96F2E4B623A00475D83 /* Resources */,
			);
			buildRules = (
			);
			dependencies = (
			);
			fileSystemSynchronizedGroups = (
				F1B3E9732E4B623B00475D83 /* TuneApp */,
			);
			name = TuneApp;
			packageProductDependencies = (
			);
			productName = TuneApp;
			productReference = F1B3E9712E4B623B00475D83 /* TuneApp.app */;
			productType = "com.apple.product-type.application";
		};
		F1B3E9862E4B623C00475D83 /* TuneAppTests */ = {
			isa = PBXNativeTarget;
			buildConfigurationList = F1B3E99F2E4B623C00475D83 /* Build configuration list for PBXNativeTarget "TuneAppTests" */;
			buildPhases = (
				F1B3E9832E4B623C00475D83 /* Sources */,
				F1B3E9842E4B623C00475D83 /* Frameworks */,
				F1B3E9852E4B623C00475D83 /* Resources */,
			);
			buildRules = (
			);
			dependencies = (
				F1B3E9892E4B623C00475D83 /* PBXTargetDependency */,
			);
			fileSystemSynchronizedGroups = (
				F1B3E98A2E4B623C00475D83 /* TuneAppTests */,
			);
			name = TuneAppTests;
			packageProductDependencies = (
			);
			productName = TuneAppTests;
			productReference = F1B3E9872E4B623C00475D83 /* TuneAppTests.xctest */;
			productType = "com.apple.product-type.bundle.unit-test";
		};
		F1B3E9902E4B623C00475D83 /* TuneAppUITests */ = {
			isa = PBXNativeTarget;
			buildConfigurationList = F1B3E9A22E4B623C00475D83 /* Build configuration list for PBXNativeTarget "TuneAppUITests" */;
			buildPhases = (
				F1B3E98D2E4B623C00475D83 /* Sources */,
				F1B3E98E2E4B623C00475D83 /* Frameworks */,
				F1B3E98F2E4B623C00475D83 /* Resources */,
			);
			buildRules = (
			);
			dependencies = (
				F1B3E9932E4B623C00475D83 /* PBXTargetDependency */,
			);
			fileSystemSynchronizedGroups = (
				F1B3E9942E4B623C00475D83 /* TuneAppUITests */,
			);
			name = TuneAppUITests;
			packageProductDependencies = (
			);
			productName = TuneAppUITests;
			productReference = F1B3E9912E4B623C00475D83 /* TuneAppUITests.xctest */;
			productType = "com.apple.product-type.bundle.ui-testing";
		};
/* End PBXNativeTarget section */

/* Begin PBXProject section */
		F1B3E9692E4B623A00475D83 /* Project object */ = {
			isa = PBXProject;
			attributes = {
				BuildIndependentTargetsInParallel = 1;
				LastSwiftUpdateCheck = 1640;
				LastUpgradeCheck = 1640;
				TargetAttributes = {
					F1B3E9702E4B623A00475D83 = {
						CreatedOnToolsVersion = 16.4;
					};
					F1B3E9862E4B623C00475D83 = {
						CreatedOnToolsVersion = 16.4;
						TestTargetID = F1B3E9702E4B623A00475D83;
					};
					F1B3E9902E4B623C00475D83 = {
						CreatedOnToolsVersion = 16.4;
						TestTargetID = F1B3E9702E4B623A00475D83;
					};
				};
			};
			buildConfigurationList = F1B3E96C2E4B623A00475D83 /* Build configuration list for PBXProject "TuneApp" */;
			developmentRegion = en;
			hasScannedForEncodings = 0;
			knownRegions = (
				en,
				Base,
			);
			mainGroup = F1B3E9682E4B623A00475D83;
			minimizedProjectReferenceProxies = 1;
			preferredProjectObjectVersion = 77;
			productRefGroup = F1B3E9722E4B623B00475D83 /* Products */;
			projectDirPath = "";
			projectRoot = "";
			targets = (
				F1B3E9702E4B623A00475D83 /* TuneApp */,
				F1B3E9862E4B623C00475D83 /* TuneAppTests */,
				F1B3E9902E4B623C00475D83 /* TuneAppUITests */,
			);
		};
/* End PBXProject section */

/* Begin PBXResourcesBuildPhase section */
		F1B3E96F2E4B623A00475D83 /* Resources */ = {
			isa = PBXResourcesBuildPhase;
			buildActionMask = 2147483647;
			files = (
			);
			runOnlyForDeploymentPostprocessing = 0;
		};
		F1B3E9852E4B623C00475D83 /* Resources */ = {
			isa = PBXResourcesBuildPhase;
			buildActionMask = 2147483647;
			files = (
			);
			runOnlyForDeploymentPostprocessing = 0;
		};
		F1B3E98F2E4B623C00475D83 /* Resources */ = {
			isa = PBXResourcesBuildPhase;
			buildActionMask = 2147483647;
			files = (
			);
			runOnlyForDeploymentPostprocessing = 0;
		};
/* End PBXResourcesBuildPhase section */

/* Begin PBXSourcesBuildPhase section */
		F1B3E96D2E4B623A00475D83 /* Sources */ = {
			isa = PBXSourcesBuildPhase;
			buildActionMask = 2147483647;
			files = (
			);
			runOnlyForDeploymentPostprocessing = 0;
		};
		F1B3E9832E4B623C00475D83 /* Sources */ = {
			isa = PBXSourcesBuildPhase;
			buildActionMask = 2147483647;
			files = (
			);
			runOnlyForDeploymentPostprocessing = 0;
		};
		F1B3E98D2E4B623C00475D83 /* Sources */ = {
			isa = PBXSourcesBuildPhase;
			buildActionMask = 2147483647;
			files = (
			);
			runOnlyForDeploymentPostprocessing = 0;
		};
/* End PBXSourcesBuildPhase section */

/* Begin PBXTargetDependency section */
		F1B3E9892E4B623C00475D83 /* PBXTargetDependency */ = {
			isa = PBXTargetDependency;
			target = F1B3E9702E4B623A00475D83 /* TuneApp */;
			targetProxy = F1B3E9882E4B623C00475D83 /* PBXContainerItemProxy */;
		};
		F1B3E9932E4B623C00475D83 /* PBXTargetDependency */ = {
			isa = PBXTargetDependency;
			target = F1B3E9702E4B623A00475D83 /* TuneApp */;
			targetProxy = F1B3E9922E4B623C00475D83 /* PBXContainerItemProxy */;
		};
/* End PBXTargetDependency section */

/* Begin XCBuildConfiguration section */
		F1B3E99B2E4B623C00475D83 /* Debug */ = {
			isa = XCBuildConfiguration;
			buildSettings = {
				ASSETCATALOG_COMPILER_APPICON_NAME = AppIcon;
				ASSETCATALOG_COMPILER_GLOBAL_ACCENT_COLOR_NAME = AccentColor;
				CODE_SIGN_STYLE = Automatic;
				CURRENT_PROJECT_VERSION = 1;
				DEVELOPMENT_TEAM = AFXYLNW6L3;
				GENERATE_INFOPLIST_FILE = YES;
				INFOPLIST_FILE = TuneApp/Info.plist;
				INFOPLIST_KEY_UIApplicationSupportsIndirectInputEvents = YES;
				INFOPLIST_KEY_UILaunchStoryboardName = LaunchScreen;
				INFOPLIST_KEY_UISupportedInterfaceOrientations = UIInterfaceOrientationPortrait;
				INFOPLIST_KEY_UISupportedInterfaceOrientations_iPad = "UIInterfaceOrientationLandscapeLeft UIInterfaceOrientationLandscapeRight UIInterfaceOrientationPortrait UIInterfaceOrientationPortraitUpsideDown";
				LD_RUNPATH_SEARCH_PATHS = (
					"$(inherited)",
					"@executable_path/Frameworks",
				);
				MARKETING_VERSION = 1.0;
				PRODUCT_BUNDLE_IDENTIFIER = zauTT.TuneApp;
				PRODUCT_NAME = "$(TARGET_NAME)";
				SWIFT_EMIT_LOC_STRINGS = YES;
				SWIFT_VERSION = 5.0;
				TARGETED_DEVICE_FAMILY = "1,2";
			};
			name = Debug;
		};
		F1B3E99C2E4B623C00475D83 /* Release */ = {
			isa = XCBuildConfiguration;
			buildSettings = {
				ASSETCATALOG_COMPILER_APPICON_NAME = AppIcon;
				ASSETCATALOG_COMPILER_GLOBAL_ACCENT_COLOR_NAME = AccentColor;
				CODE_SIGN_STYLE = Automatic;
				CURRENT_PROJECT_VERSION = 1;
				DEVELOPMENT_TEAM = AFXYLNW6L3;
				GENERATE_INFOPLIST_FILE = YES;
				INFOPLIST_FILE = TuneApp/Info.plist;
				INFOPLIST_KEY_UIApplicationSupportsIndirectInputEvents = YES;
				INFOPLIST_KEY_UILaunchStoryboardName = LaunchScreen;
				INFOPLIST_KEY_UISupportedInterfaceOrientations = UIInterfaceOrientationPortrait;
				INFOPLIST_KEY_UISupportedInterfaceOrientations_iPad = "UIInterfaceOrientationLandscapeLeft UIInterfaceOrientationLandscapeRight UIInterfaceOrientationPortrait UIInterfaceOrientationPortraitUpsideDown";
				LD_RUNPATH_SEARCH_PATHS = (
					"$(inherited)",
					"@executable_path/Frameworks",
				);
				MARKETING_VERSION = 1.0;
				PRODUCT_BUNDLE_IDENTIFIER = zauTT.TuneApp;
				PRODUCT_NAME = "$(TARGET_NAME)";
				SWIFT_EMIT_LOC_STRINGS = YES;
				SWIFT_VERSION = 5.0;
				TARGETED_DEVICE_FAMILY = "1,2";
			};
			name = Release;
		};
		F1B3E99D2E4B623C00475D83 /* Debug */ = {
			isa = XCBuildConfiguration;
			buildSettings = {
				ALWAYS_SEARCH_USER_PATHS = NO;
				ASSETCATALOG_COMPILER_GENERATE_SWIFT_ASSET_SYMBOL_EXTENSIONS = YES;
				CLANG_ANALYZER_NONNULL = YES;
				CLANG_ANALYZER_NUMBER_OBJECT_CONVERSION = YES_AGGRESSIVE;
				CLANG_CXX_LANGUAGE_STANDARD = "gnu++20";
				CLANG_ENABLE_MODULES = YES;
				CLANG_ENABLE_OBJC_ARC = YES;
				CLANG_ENABLE_OBJC_WEAK = YES;
				CLANG_WARN_BLOCK_CAPTURE_AUTORELEASING = YES;
				CLANG_WARN_BOOL_CONVERSION = YES;
				CLANG_WARN_COMMA = YES;
				CLANG_WARN_CONSTANT_CONVERSION = YES;
				CLANG_WARN_DEPRECATED_OBJC_IMPLEMENTATIONS = YES;
				CLANG_WARN_DIRECT_OBJC_ISA_USAGE = YES_ERROR;
				CLANG_WARN_DOCUMENTATION_COMMENTS = YES;
				CLANG_WARN_EMPTY_BODY = YES;
				CLANG_WARN_ENUM_CONVERSION = YES;
				CLANG_WARN_INFINITE_RECURSION = YES;
				CLANG_WARN_INT_CONVERSION = YES;
				CLANG_WARN_NON_LITERAL_NULL_CONVERSION = YES;
				CLANG_WARN_OBJC_IMPLICIT_RETAIN_SELF = YES;
				CLANG_WARN_OBJC_LITERAL_CONVERSION = YES;
				CLANG_WARN_OBJC_ROOT_CLASS = YES_ERROR;
				CLANG_WARN_QUOTED_INCLUDE_IN_FRAMEWORK_HEADER = YES;
				CLANG_WARN_RANGE_LOOP_ANALYSIS = YES;
				CLANG_WARN_STRICT_PROTOTYPES = YES;
				CLANG_WARN_SUSPICIOUS_MOVE = YES;
				CLANG_WARN_UNGUARDED_AVAILABILITY = YES_AGGRESSIVE;
				CLANG_WARN_UNREACHABLE_CODE = YES;
				CLANG_WARN__DUPLICATE_METHOD_MATCH = YES;
				COPY_PHASE_STRIP = NO;
				DEBUG_INFORMATION_FORMAT = dwarf;
				DEVELOPMENT_TEAM = AFXYLNW6L3;
				ENABLE_STRICT_OBJC_MSGSEND = YES;
				ENABLE_TESTABILITY = YES;
				ENABLE_USER_SCRIPT_SANDBOXING = YES;
				GCC_C_LANGUAGE_STANDARD = gnu17;
				GCC_DYNAMIC_NO_PIC = NO;
				GCC_NO_COMMON_BLOCKS = YES;
				GCC_OPTIMIZATION_LEVEL = 0;
				GCC_PREPROCESSOR_DEFINITIONS = (
					"DEBUG=1",
					"$(inherited)",
				);
				GCC_WARN_64_TO_32_BIT_CONVERSION = YES;
				GCC_WARN_ABOUT_RETURN_TYPE = YES_ERROR;
				GCC_WARN_UNDECLARED_SELECTOR = YES;
				GCC_WARN_UNINITIALIZED_AUTOS = YES_AGGRESSIVE;
				GCC_WARN_UNUSED_FUNCTION = YES;
				GCC_WARN_UNUSED_VARIABLE = YES;
				IPHONEOS_DEPLOYMENT_TARGET = 18.5;
				LOCALIZATION_PREFERS_STRING_CATALOGS = YES;
				MTL_ENABLE_DEBUG_INFO = INCLUDE_SOURCE;
				MTL_FAST_MATH = YES;
				ONLY_ACTIVE_ARCH = YES;
				SDKROOT = iphoneos;
				SWIFT_ACTIVE_COMPILATION_CONDITIONS = "DEBUG $(inherited)";
				SWIFT_OPTIMIZATION_LEVEL = "-Onone";
			};
			name = Debug;
		};
		F1B3E99E2E4B623C00475D83 /* Release */ = {
			isa = XCBuildConfiguration;
			buildSettings = {
				ALWAYS_SEARCH_USER_PATHS = NO;
				ASSETCATALOG_COMPILER_GENERATE_SWIFT_ASSET_SYMBOL_EXTENSIONS = YES;
				CLANG_ANALYZER_NONNULL = YES;
				CLANG_ANALYZER_NUMBER_OBJECT_CONVERSION = YES_AGGRESSIVE;
				CLANG_CXX_LANGUAGE_STANDARD = "gnu++20";
				CLANG_ENABLE_MODULES = YES;
				CLANG_ENABLE_OBJC_ARC = YES;
				CLANG_ENABLE_OBJC_WEAK = YES;
				CLANG_WARN_BLOCK_CAPTURE_AUTORELEASING = YES;
				CLANG_WARN_BOOL_CONVERSION = YES;
				CLANG_WARN_COMMA = YES;
				CLANG_WARN_CONSTANT_CONVERSION = YES;
				CLANG_WARN_DEPRECATED_OBJC_IMPLEMENTATIONS = YES;
				CLANG_WARN_DIRECT_OBJC_ISA_USAGE = YES_ERROR;
				CLANG_WARN_DOCUMENTATION_COMMENTS = YES;
				CLANG_WARN_EMPTY_BODY = YES;
				CLANG_WARN_ENUM_CONVERSION = YES;
				CLANG_WARN_INFINITE_RECURSION = YES;
				CLANG_WARN_INT_CONVERSION = YES;
				CLANG_WARN_NON_LITERAL_NULL_CONVERSION = YES;
				CLANG_WARN_OBJC_IMPLICIT_RETAIN_SELF = YES;
				CLANG_WARN_OBJC_LITERAL_CONVERSION = YES;
				CLANG_WARN_OBJC_ROOT_CLASS = YES_ERROR;
				CLANG_WARN_QUOTED_INCLUDE_IN_FRAMEWORK_HEADER = YES;
				CLANG_WARN_RANGE_LOOP_ANALYSIS = YES;
				CLANG_WARN_STRICT_PROTOTYPES = YES;
				CLANG_WARN_SUSPICIOUS_MOVE = YES;
				CLANG_WARN_UNGUARDED_AVAILABILITY = YES_AGGRESSIVE;
				CLANG_WARN_UNREACHABLE_CODE = YES;
				CLANG_WARN__DUPLICATE_METHOD_MATCH = YES;
				COPY_PHASE_STRIP = NO;
				DEBUG_INFORMATION_FORMAT = "dwarf-with-dsym";
				DEVELOPMENT_TEAM = AFXYLNW6L3;
				ENABLE_NS_ASSERTIONS = NO;
				ENABLE_STRICT_OBJC_MSGSEND = YES;
				ENABLE_USER_SCRIPT_SANDBOXING = YES;
				GCC_C_LANGUAGE_STANDARD = gnu17;
				GCC_NO_COMMON_BLOCKS = YES;
				GCC_WARN_64_TO_32_BIT_CONVERSION = YES;
				GCC_WARN_ABOUT_RETURN_TYPE = YES_ERROR;
				GCC_WARN_UNDECLARED_SELECTOR = YES;
				GCC_WARN_UNINITIALIZED_AUTOS = YES_AGGRESSIVE;
				GCC_WARN_UNUSED_FUNCTION = YES;
				GCC_WARN_UNUSED_VARIABLE = YES;
				IPHONEOS_DEPLOYMENT_TARGET = 18.5;
				LOCALIZATION_PREFERS_STRING_CATALOGS = YES;
				MTL_ENABLE_DEBUG_INFO = NO;
				MTL_FAST_MATH = YES;
				SDKROOT = iphoneos;
				SWIFT_COMPILATION_MODE = wholemodule;
				VALIDATE_PRODUCT = YES;
			};
			name = Release;
		};
		F1B3E9A02E4B623C00475D83 /* Debug */ = {
			isa = XCBuildConfiguration;
			buildSettings = {
				BUNDLE_LOADER = "$(TEST_HOST)";
				CODE_SIGN_STYLE = Automatic;
				CURRENT_PROJECT_VERSION = 1;
				DEVELOPMENT_TEAM = AFXYLNW6L3;
				GENERATE_INFOPLIST_FILE = YES;
				IPHONEOS_DEPLOYMENT_TARGET = 18.5;
				MARKETING_VERSION = 1.0;
				PRODUCT_BUNDLE_IDENTIFIER = zauTT.TuneAppTests;
				PRODUCT_NAME = "$(TARGET_NAME)";
				SWIFT_EMIT_LOC_STRINGS = NO;
				SWIFT_VERSION = 5.0;
				TARGETED_DEVICE_FAMILY = "1,2";
				TEST_HOST = "$(BUILT_PRODUCTS_DIR)/TuneApp.app/$(BUNDLE_EXECUTABLE_FOLDER_PATH)/TuneApp";
			};
			name = Debug;
		};
		F1B3E9A12E4B623C00475D83 /* Release */ = {
			isa = XCBuildConfiguration;
			buildSettings = {
				BUNDLE_LOADER = "$(TEST_HOST)";
				CODE_SIGN_STYLE = Automatic;
				CURRENT_PROJECT_VERSION = 1;
				DEVELOPMENT_TEAM = AFXYLNW6L3;
				GENERATE_INFOPLIST_FILE = YES;
				IPHONEOS_DEPLOYMENT_TARGET = 18.5;
				MARKETING_VERSION = 1.0;
				PRODUCT_BUNDLE_IDENTIFIER = zauTT.TuneAppTests;
				PRODUCT_NAME = "$(TARGET_NAME)";
				SWIFT_EMIT_LOC_STRINGS = NO;
				SWIFT_VERSION = 5.0;
				TARGETED_DEVICE_FAMILY = "1,2";
				TEST_HOST = "$(BUILT_PRODUCTS_DIR)/TuneApp.app/$(BUNDLE_EXECUTABLE_FOLDER_PATH)/TuneApp";
			};
			name = Release;
		};
		F1B3E9A32E4B623C00475D83 /* Debug */ = {
			isa = XCBuildConfiguration;
			buildSettings = {
				CODE_SIGN_STYLE = Automatic;
				CURRENT_PROJECT_VERSION = 1;
				DEVELOPMENT_TEAM = AFXYLNW6L3;
				GENERATE_INFOPLIST_FILE = YES;
				MARKETING_VERSION = 1.0;
				PRODUCT_BUNDLE_IDENTIFIER = zauTT.TuneAppUITests;
				PRODUCT_NAME = "$(TARGET_NAME)";
				SWIFT_EMIT_LOC_STRINGS = NO;
				SWIFT_VERSION = 5.0;
				TARGETED_DEVICE_FAMILY = "1,2";
				TEST_TARGET_NAME = TuneApp;
			};
			name = Debug;
		};
		F1B3E9A42E4B623C00475D83 /* Release */ = {
			isa = XCBuildConfiguration;
			buildSettings = {
				CODE_SIGN_STYLE = Automatic;
				CURRENT_PROJECT_VERSION = 1;
				DEVELOPMENT_TEAM = AFXYLNW6L3;
				GENERATE_INFOPLIST_FILE = YES;
				MARKETING_VERSION = 1.0;
				PRODUCT_BUNDLE_IDENTIFIER = zauTT.TuneAppUITests;
				PRODUCT_NAME = "$(TARGET_NAME)";
				SWIFT_EMIT_LOC_STRINGS = NO;
				SWIFT_VERSION = 5.0;
				TARGETED_DEVICE_FAMILY = "1,2";
				TEST_TARGET_NAME = TuneApp;
			};
			name = Release;
		};
/* End XCBuildConfiguration section */

/* Begin XCConfigurationList section */
		F1B3E96C2E4B623A00475D83 /* Build configuration list for PBXProject "TuneApp" */ = {
			isa = XCConfigurationList;
			buildConfigurations = (
				F1B3E99D2E4B623C00475D83 /* Debug */,
				F1B3E99E2E4B623C00475D83 /* Release */,
			);
			defaultConfigurationIsVisible = 0;
			defaultConfigurationName = Release;
		};
		F1B3E99A2E4B623C00475D83 /* Build configuration list for PBXNativeTarget "TuneApp" */ = {
			isa = XCConfigurationList;
			buildConfigurations = (
				F1B3E99B2E4B623C00475D83 /* Debug */,
				F1B3E99C2E4B623C00475D83 /* Release */,
			);
			defaultConfigurationIsVisible = 0;
			defaultConfigurationName = Release;
		};
		F1B3E99F2E4B623C00475D83 /* Build configuration list for PBXNativeTarget "TuneAppTests" */ = {
			isa = XCConfigurationList;
			buildConfigurations = (
				F1B3E9A02E4B623C00475D83 /* Debug */,
				F1B3E9A12E4B623C00475D83 /* Release */,
			);
			defaultConfigurationIsVisible = 0;
			defaultConfigurationName = Release;
		};
		F1B3E9A22E4B623C00475D83 /* Build configuration list for PBXNativeTarget "TuneAppUITests" */ = {
			isa = XCConfigurationList;
			buildConfigurations = (
				F1B3E9A32E4B623C00475D83 /* Debug */,
				F1B3E9A42E4B623C00475D83 /* Release */,
			);
			defaultConfigurationIsVisible = 0;
			defaultConfigurationName = Release;
		};
/* End XCConfigurationList section */
	};
	rootObject = F1B3E9692E4B623A00475D83 /* Project object */;
}
